// !$*UTF8*$!
{
	archiveVersion = 1;
	classes = {
	};
	objectVersion = 46;
	objects = {

/* Begin PBXBuildFile section */
		94496B3F1E47D78D004FB62E /* GoogleService-Info.plist in Resources */ = {isa = PBXBuildFile; fileRef = 94496B3E1E47D78D004FB62E /* GoogleService-Info.plist */; };
		9456D84A1E4A9D3400EA1AAC /* DataService.swift in Sources */ = {isa = PBXBuildFile; fileRef = 9456D8491E4A9D3400EA1AAC /* DataService.swift */; };
		94995F561E47D6CF00816F9D /* Bolts.framework in Frameworks */ = {isa = PBXBuildFile; fileRef = 94995F521E47D6CF00816F9D /* Bolts.framework */; };
		94995F571E47D6CF00816F9D /* FBSDKCoreKit.framework in Frameworks */ = {isa = PBXBuildFile; fileRef = 94995F531E47D6CF00816F9D /* FBSDKCoreKit.framework */; };
		94995F581E47D6CF00816F9D /* FBSDKLoginKit.framework in Frameworks */ = {isa = PBXBuildFile; fileRef = 94995F541E47D6CF00816F9D /* FBSDKLoginKit.framework */; };
		94995F591E47D6CF00816F9D /* FBSDKShareKit.framework in Frameworks */ = {isa = PBXBuildFile; fileRef = 94995F551E47D6CF00816F9D /* FBSDKShareKit.framework */; };
		94D76B201E47675D00FB4644 /* AppDelegate.swift in Sources */ = {isa = PBXBuildFile; fileRef = 94D76B1F1E47675D00FB4644 /* AppDelegate.swift */; };
		94D76B221E47675D00FB4644 /* ViewController.swift in Sources */ = {isa = PBXBuildFile; fileRef = 94D76B211E47675D00FB4644 /* ViewController.swift */; };
		94D76B251E47675D00FB4644 /* Main.storyboard in Resources */ = {isa = PBXBuildFile; fileRef = 94D76B231E47675D00FB4644 /* Main.storyboard */; };
		94D76B271E47675D00FB4644 /* Assets.xcassets in Resources */ = {isa = PBXBuildFile; fileRef = 94D76B261E47675D00FB4644 /* Assets.xcassets */; };
		94D76B2A1E47675D00FB4644 /* LaunchScreen.storyboard in Resources */ = {isa = PBXBuildFile; fileRef = 94D76B281E47675D00FB4644 /* LaunchScreen.storyboard */; };
		94D76B3D1E4767C300FB4644 /* NotoSans-Bold.ttf in Resources */ = {isa = PBXBuildFile; fileRef = 94D76B351E4767C300FB4644 /* NotoSans-Bold.ttf */; };
		94D76B3E1E4767C300FB4644 /* NotoSans-BoldItalic.ttf in Resources */ = {isa = PBXBuildFile; fileRef = 94D76B361E4767C300FB4644 /* NotoSans-BoldItalic.ttf */; };
		94D76B3F1E4767C300FB4644 /* NotoSans-Italic.ttf in Resources */ = {isa = PBXBuildFile; fileRef = 94D76B371E4767C300FB4644 /* NotoSans-Italic.ttf */; };
		94D76B401E4767C300FB4644 /* NotoSans-Regular.ttf in Resources */ = {isa = PBXBuildFile; fileRef = 94D76B381E4767C300FB4644 /* NotoSans-Regular.ttf */; };
		94D76B461E4769A100FB4644 /* MaterialView.swift in Sources */ = {isa = PBXBuildFile; fileRef = 94D76B451E4769A100FB4644 /* MaterialView.swift */; };
		94D76B491E4769F300FB4644 /* Constants.swift in Sources */ = {isa = PBXBuildFile; fileRef = 94D76B481E4769F300FB4644 /* Constants.swift */; };
		94D76B4B1E476CE200FB4644 /* MaterialButton.swift in Sources */ = {isa = PBXBuildFile; fileRef = 94D76B4A1E476CE200FB4644 /* MaterialButton.swift */; };
		94D76B4D1E47C93800FB4644 /* MaterialTextField.swift in Sources */ = {isa = PBXBuildFile; fileRef = 94D76B4C1E47C93800FB4644 /* MaterialTextField.swift */; };
		C8940DA4EB88D916A0E3BEB8 /* Pods_dev_showcase.framework in Frameworks */ = {isa = PBXBuildFile; fileRef = 342A12A225947BC394D7477A /* Pods_dev_showcase.framework */; };
/* End PBXBuildFile section */

/* Begin PBXFileReference section */
		342A12A225947BC394D7477A /* Pods_dev_showcase.framework */ = {isa = PBXFileReference; explicitFileType = wrapper.framework; includeInIndex = 0; path = Pods_dev_showcase.framework; sourceTree = BUILT_PRODUCTS_DIR; };
		500021BFEA21CC299E25C8BE /* Pods-dev-showcase.debug.xcconfig */ = {isa = PBXFileReference; includeInIndex = 1; lastKnownFileType = text.xcconfig; name = "Pods-dev-showcase.debug.xcconfig"; path = "Pods/Target Support Files/Pods-dev-showcase/Pods-dev-showcase.debug.xcconfig"; sourceTree = "<group>"; };
		618DC10F796960E704DA7EAA /* Pods-dev-showcase.release.xcconfig */ = {isa = PBXFileReference; includeInIndex = 1; lastKnownFileType = text.xcconfig; name = "Pods-dev-showcase.release.xcconfig"; path = "Pods/Target Support Files/Pods-dev-showcase/Pods-dev-showcase.release.xcconfig"; sourceTree = "<group>"; };
		94496B3E1E47D78D004FB62E /* GoogleService-Info.plist */ = {isa = PBXFileReference; fileEncoding = 4; lastKnownFileType = text.plist.xml; path = "GoogleService-Info.plist"; sourceTree = "<group>"; };
		9456D8491E4A9D3400EA1AAC /* DataService.swift */ = {isa = PBXFileReference; fileEncoding = 4; lastKnownFileType = sourcecode.swift; path = DataService.swift; sourceTree = "<group>"; };
		94995F521E47D6CF00816F9D /* Bolts.framework */ = {isa = PBXFileReference; lastKnownFileType = wrapper.framework; path = Bolts.framework; sourceTree = "<group>"; };
		94995F531E47D6CF00816F9D /* FBSDKCoreKit.framework */ = {isa = PBXFileReference; lastKnownFileType = wrapper.framework; path = FBSDKCoreKit.framework; sourceTree = "<group>"; };
		94995F541E47D6CF00816F9D /* FBSDKLoginKit.framework */ = {isa = PBXFileReference; lastKnownFileType = wrapper.framework; path = FBSDKLoginKit.framework; sourceTree = "<group>"; };
		94995F551E47D6CF00816F9D /* FBSDKShareKit.framework */ = {isa = PBXFileReference; lastKnownFileType = wrapper.framework; path = FBSDKShareKit.framework; sourceTree = "<group>"; };
		94D76B1C1E47675D00FB4644 /* dev-showcase.app */ = {isa = PBXFileReference; explicitFileType = wrapper.application; includeInIndex = 0; path = "dev-showcase.app"; sourceTree = BUILT_PRODUCTS_DIR; };
		94D76B1F1E47675D00FB4644 /* AppDelegate.swift */ = {isa = PBXFileReference; lastKnownFileType = sourcecode.swift; path = AppDelegate.swift; sourceTree = "<group>"; };
		94D76B211E47675D00FB4644 /* ViewController.swift */ = {isa = PBXFileReference; lastKnownFileType = sourcecode.swift; path = ViewController.swift; sourceTree = "<group>"; };
		94D76B241E47675D00FB4644 /* Base */ = {isa = PBXFileReference; lastKnownFileType = file.storyboard; name = Base; path = Base.lproj/Main.storyboard; sourceTree = "<group>"; };
		94D76B261E47675D00FB4644 /* Assets.xcassets */ = {isa = PBXFileReference; lastKnownFileType = folder.assetcatalog; path = Assets.xcassets; sourceTree = "<group>"; };
		94D76B291E47675D00FB4644 /* Base */ = {isa = PBXFileReference; lastKnownFileType = file.storyboard; name = Base; path = Base.lproj/LaunchScreen.storyboard; sourceTree = "<group>"; };
		94D76B2B1E47675D00FB4644 /* Info.plist */ = {isa = PBXFileReference; lastKnownFileType = text.plist.xml; path = Info.plist; sourceTree = "<group>"; };
		94D76B351E4767C300FB4644 /* NotoSans-Bold.ttf */ = {isa = PBXFileReference; lastKnownFileType = file; path = "NotoSans-Bold.ttf"; sourceTree = "<group>"; };
		94D76B361E4767C300FB4644 /* NotoSans-BoldItalic.ttf */ = {isa = PBXFileReference; lastKnownFileType = file; path = "NotoSans-BoldItalic.ttf"; sourceTree = "<group>"; };
		94D76B371E4767C300FB4644 /* NotoSans-Italic.ttf */ = {isa = PBXFileReference; lastKnownFileType = file; path = "NotoSans-Italic.ttf"; sourceTree = "<group>"; };
		94D76B381E4767C300FB4644 /* NotoSans-Regular.ttf */ = {isa = PBXFileReference; lastKnownFileType = file; path = "NotoSans-Regular.ttf"; sourceTree = "<group>"; };
		94D76B451E4769A100FB4644 /* MaterialView.swift */ = {isa = PBXFileReference; fileEncoding = 4; lastKnownFileType = sourcecode.swift; path = MaterialView.swift; sourceTree = "<group>"; };
		94D76B481E4769F300FB4644 /* Constants.swift */ = {isa = PBXFileReference; fileEncoding = 4; lastKnownFileType = sourcecode.swift; path = Constants.swift; sourceTree = "<group>"; };
		94D76B4A1E476CE200FB4644 /* MaterialButton.swift */ = {isa = PBXFileReference; fileEncoding = 4; lastKnownFileType = sourcecode.swift; path = MaterialButton.swift; sourceTree = "<group>"; };
		94D76B4C1E47C93800FB4644 /* MaterialTextField.swift */ = {isa = PBXFileReference; fileEncoding = 4; lastKnownFileType = sourcecode.swift; path = MaterialTextField.swift; sourceTree = "<group>"; };
/* End PBXFileReference section */

/* Begin PBXFrameworksBuildPhase section */
		94D76B191E47675D00FB4644 /* Frameworks */ = {
			isa = PBXFrameworksBuildPhase;
			buildActionMask = 2147483647;
			files = (
				94995F591E47D6CF00816F9D /* FBSDKShareKit.framework in Frameworks */,
				94995F561E47D6CF00816F9D /* Bolts.framework in Frameworks */,
				94995F571E47D6CF00816F9D /* FBSDKCoreKit.framework in Frameworks */,
				94995F581E47D6CF00816F9D /* FBSDKLoginKit.framework in Frameworks */,
				C8940DA4EB88D916A0E3BEB8 /* Pods_dev_showcase.framework in Frameworks */,
			);
			runOnlyForDeploymentPostprocessing = 0;
		};
/* End PBXFrameworksBuildPhase section */

/* Begin PBXGroup section */
		22B0C272557F6135DEC65B69 /* Frameworks */ = {
			isa = PBXGroup;
			children = (
				342A12A225947BC394D7477A /* Pods_dev_showcase.framework */,
			);
			name = Frameworks;
			sourceTree = "<group>";
		};
		9456D8481E4A9D2100EA1AAC /* Services */ = {
			isa = PBXGroup;
			children = (
				9456D8491E4A9D3400EA1AAC /* DataService.swift */,
			);
			name = Services;
			sourceTree = "<group>";
		};
		94995F511E47D69800816F9D /* Frameworks */ = {
			isa = PBXGroup;
			children = (
				94995F521E47D6CF00816F9D /* Bolts.framework */,
				94995F531E47D6CF00816F9D /* FBSDKCoreKit.framework */,
				94995F541E47D6CF00816F9D /* FBSDKLoginKit.framework */,
				94995F551E47D6CF00816F9D /* FBSDKShareKit.framework */,
			);
			name = Frameworks;
			sourceTree = "<group>";
		};
		94D76B131E47675D00FB4644 = {
			isa = PBXGroup;
			children = (
				94D76B1E1E47675D00FB4644 /* dev-showcase */,
				94D76B1D1E47675D00FB4644 /* Products */,
				99DD8284A8B13AEA0377F745 /* Pods */,
				22B0C272557F6135DEC65B69 /* Frameworks */,
			);
			sourceTree = "<group>";
		};
		94D76B1D1E47675D00FB4644 /* Products */ = {
			isa = PBXGroup;
			children = (
				94D76B1C1E47675D00FB4644 /* dev-showcase.app */,
			);
			name = Products;
			sourceTree = "<group>";
		};
		94D76B1E1E47675D00FB4644 /* dev-showcase */ = {
			isa = PBXGroup;
			children = (
				9456D8481E4A9D2100EA1AAC /* Services */,
				94995F511E47D69800816F9D /* Frameworks */,
				94D76B471E4769E000FB4644 /* Util */,
				94D76B341E47678300FB4644 /* Resources */,
				94D76B331E47677D00FB4644 /* Model */,
				94D76B321E47677800FB4644 /* View */,
				94D76B311E47676E00FB4644 /* Controller */,
				94D76B1F1E47675D00FB4644 /* AppDelegate.swift */,
				94D76B211E47675D00FB4644 /* ViewController.swift */,
				94D76B231E47675D00FB4644 /* Main.storyboard */,
				94D76B261E47675D00FB4644 /* Assets.xcassets */,
				94D76B281E47675D00FB4644 /* LaunchScreen.storyboard */,
				94D76B2B1E47675D00FB4644 /* Info.plist */,
				94496B3E1E47D78D004FB62E /* GoogleService-Info.plist */,
			);
			path = "dev-showcase";
			sourceTree = "<group>";
		};
		94D76B311E47676E00FB4644 /* Controller */ = {
			isa = PBXGroup;
			children = (
			);
			name = Controller;
			sourceTree = "<group>";
		};
		94D76B321E47677800FB4644 /* View */ = {
			isa = PBXGroup;
			children = (
				94D76B451E4769A100FB4644 /* MaterialView.swift */,
				94D76B4A1E476CE200FB4644 /* MaterialButton.swift */,
				94D76B4C1E47C93800FB4644 /* MaterialTextField.swift */,
			);
			name = View;
			sourceTree = "<group>";
		};
		94D76B331E47677D00FB4644 /* Model */ = {
			isa = PBXGroup;
			children = (
			);
			name = Model;
			sourceTree = "<group>";
		};
		94D76B341E47678300FB4644 /* Resources */ = {
			isa = PBXGroup;
			children = (
				94D76B351E4767C300FB4644 /* NotoSans-Bold.ttf */,
				94D76B361E4767C300FB4644 /* NotoSans-BoldItalic.ttf */,
				94D76B371E4767C300FB4644 /* NotoSans-Italic.ttf */,
				94D76B381E4767C300FB4644 /* NotoSans-Regular.ttf */,
			);
			name = Resources;
			sourceTree = "<group>";
		};
		94D76B471E4769E000FB4644 /* Util */ = {
			isa = PBXGroup;
			children = (
				94D76B481E4769F300FB4644 /* Constants.swift */,
			);
			name = Util;
			sourceTree = "<group>";
		};
		99DD8284A8B13AEA0377F745 /* Pods */ = {
			isa = PBXGroup;
			children = (
				500021BFEA21CC299E25C8BE /* Pods-dev-showcase.debug.xcconfig */,
				618DC10F796960E704DA7EAA /* Pods-dev-showcase.release.xcconfig */,
			);
			name = Pods;
			sourceTree = "<group>";
		};
/* End PBXGroup section */

/* Begin PBXNativeTarget section */
		94D76B1B1E47675D00FB4644 /* dev-showcase */ = {
			isa = PBXNativeTarget;
			buildConfigurationList = 94D76B2E1E47675D00FB4644 /* Build configuration list for PBXNativeTarget "dev-showcase" */;
			buildPhases = (
				2E257AA06602E06ABD54D5F4 /* [CP] Check Pods Manifest.lock */,
				94D76B181E47675D00FB4644 /* Sources */,
				94D76B191E47675D00FB4644 /* Frameworks */,
				94D76B1A1E47675D00FB4644 /* Resources */,
				72321AA294F3C983E285DFC0 /* [CP] Embed Pods Frameworks */,
				0B9D06484015C42EBAB17BF2 /* [CP] Copy Pods Resources */,
			);
			buildRules = (
			);
			dependencies = (
			);
			name = "dev-showcase";
			productName = "dev-showcase";
			productReference = 94D76B1C1E47675D00FB4644 /* dev-showcase.app */;
			productType = "com.apple.product-type.application";
		};
/* End PBXNativeTarget section */

/* Begin PBXProject section */
		94D76B141E47675D00FB4644 /* Project object */ = {
			isa = PBXProject;
			attributes = {
				LastSwiftUpdateCheck = 0820;
				LastUpgradeCheck = 0820;
				ORGANIZATIONNAME = ryan;
				TargetAttributes = {
					94D76B1B1E47675D00FB4644 = {
						CreatedOnToolsVersion = 8.2.1;
						ProvisioningStyle = Automatic;
					};
				};
			};
			buildConfigurationList = 94D76B171E47675D00FB4644 /* Build configuration list for PBXProject "dev-showcase" */;
			compatibilityVersion = "Xcode 3.2";
			developmentRegion = English;
			hasScannedForEncodings = 0;
			knownRegions = (
				en,
				Base,
			);
			mainGroup = 94D76B131E47675D00FB4644;
			productRefGroup = 94D76B1D1E47675D00FB4644 /* Products */;
			projectDirPath = "";
			projectRoot = "";
			targets = (
				94D76B1B1E47675D00FB4644 /* dev-showcase */,
			);
		};
/* End PBXProject section */

/* Begin PBXResourcesBuildPhase section */
		94D76B1A1E47675D00FB4644 /* Resources */ = {
			isa = PBXResourcesBuildPhase;
			buildActionMask = 2147483647;
			files = (
				94D76B3D1E4767C300FB4644 /* NotoSans-Bold.ttf in Resources */,
				94496B3F1E47D78D004FB62E /* GoogleService-Info.plist in Resources */,
				94D76B2A1E47675D00FB4644 /* LaunchScreen.storyboard in Resources */,
				94D76B3E1E4767C300FB4644 /* NotoSans-BoldItalic.ttf in Resources */,
				94D76B3F1E4767C300FB4644 /* NotoSans-Italic.ttf in Resources */,
				94D76B271E47675D00FB4644 /* Assets.xcassets in Resources */,
				94D76B251E47675D00FB4644 /* Main.storyboard in Resources */,
				94D76B401E4767C300FB4644 /* NotoSans-Regular.ttf in Resources */,
			);
			runOnlyForDeploymentPostprocessing = 0;
		};
/* End PBXResourcesBuildPhase section */

/* Begin PBXShellScriptBuildPhase section */
		0B9D06484015C42EBAB17BF2 /* [CP] Copy Pods Resources */ = {
			isa = PBXShellScriptBuildPhase;
			buildActionMask = 2147483647;
			files = (
			);
			inputPaths = (
			);
			name = "[CP] Copy Pods Resources";
			outputPaths = (
			);
			runOnlyForDeploymentPostprocessing = 0;
			shellPath = /bin/sh;
			shellScript = "\"${SRCROOT}/Pods/Target Support Files/Pods-dev-showcase/Pods-dev-showcase-resources.sh\"\n";
			showEnvVarsInLog = 0;
		};
		2E257AA06602E06ABD54D5F4 /* [CP] Check Pods Manifest.lock */ = {
			isa = PBXShellScriptBuildPhase;
			buildActionMask = 2147483647;
			files = (
			);
			inputPaths = (
			);
			name = "[CP] Check Pods Manifest.lock";
			outputPaths = (
			);
			runOnlyForDeploymentPostprocessing = 0;
			shellPath = /bin/sh;
			shellScript = "diff \"${PODS_ROOT}/../Podfile.lock\" \"${PODS_ROOT}/Manifest.lock\" > /dev/null\nif [ $? != 0 ] ; then\n    # print error to STDERR\n    echo \"error: The sandbox is not in sync with the Podfile.lock. Run 'pod install' or update your CocoaPods installation.\" >&2\n    exit 1\nfi\n";
			showEnvVarsInLog = 0;
		};
		72321AA294F3C983E285DFC0 /* [CP] Embed Pods Frameworks */ = {
			isa = PBXShellScriptBuildPhase;
			buildActionMask = 2147483647;
			files = (
			);
			inputPaths = (
			);
			name = "[CP] Embed Pods Frameworks";
			outputPaths = (
			);
			runOnlyForDeploymentPostprocessing = 0;
			shellPath = /bin/sh;
			shellScript = "\"${SRCROOT}/Pods/Target Support Files/Pods-dev-showcase/Pods-dev-showcase-frameworks.sh\"\n";
			showEnvVarsInLog = 0;
		};
/* End PBXShellScriptBuildPhase section */

/* Begin PBXSourcesBuildPhase section */
		94D76B181E47675D00FB4644 /* Sources */ = {
			isa = PBXSourcesBuildPhase;
			buildActionMask = 2147483647;
			files = (
				94D76B4D1E47C93800FB4644 /* MaterialTextField.swift in Sources */,
				9456D84A1E4A9D3400EA1AAC /* DataService.swift in Sources */,
				94D76B461E4769A100FB4644 /* MaterialView.swift in Sources */,
				94D76B221E47675D00FB4644 /* ViewController.swift in Sources */,
				94D76B201E47675D00FB4644 /* AppDelegate.swift in Sources */,
				94D76B491E4769F300FB4644 /* Constants.swift in Sources */,
				94D76B4B1E476CE200FB4644 /* MaterialButton.swift in Sources */,
			);
			runOnlyForDeploymentPostprocessing = 0;
		};
/* End PBXSourcesBuildPhase section */

/* Begin PBXVariantGroup section */
		94D76B231E47675D00FB4644 /* Main.storyboard */ = {
			isa = PBXVariantGroup;
			children = (
				94D76B241E47675D00FB4644 /* Base */,
			);
			name = Main.storyboard;
			sourceTree = "<group>";
		};
		94D76B281E47675D00FB4644 /* LaunchScreen.storyboard */ = {
			isa = PBXVariantGroup;
			children = (
				94D76B291E47675D00FB4644 /* Base */,
			);
			name = LaunchScreen.storyboard;
			sourceTree = "<group>";
		};
/* End PBXVariantGroup section */

/* Begin XCBuildConfiguration section */
		94D76B2C1E47675D00FB4644 /* Debug */ = {
			isa = XCBuildConfiguration;
			buildSettings = {
				ALWAYS_SEARCH_USER_PATHS = NO;
				CLANG_ANALYZER_NONNULL = YES;
				CLANG_CXX_LANGUAGE_STANDARD = "gnu++0x";
				CLANG_CXX_LIBRARY = "libc++";
				CLANG_ENABLE_MODULES = YES;
				CLANG_ENABLE_OBJC_ARC = YES;
				CLANG_WARN_BOOL_CONVERSION = YES;
				CLANG_WARN_CONSTANT_CONVERSION = YES;
				CLANG_WARN_DIRECT_OBJC_ISA_USAGE = YES_ERROR;
				CLANG_WARN_DOCUMENTATION_COMMENTS = YES;
				CLANG_WARN_EMPTY_BODY = YES;
				CLANG_WARN_ENUM_CONVERSION = YES;
				CLANG_WARN_INFINITE_RECURSION = YES;
				CLANG_WARN_INT_CONVERSION = YES;
				CLANG_WARN_OBJC_ROOT_CLASS = YES_ERROR;
				CLANG_WARN_SUSPICIOUS_MOVE = YES;
				CLANG_WARN_UNREACHABLE_CODE = YES;
				CLANG_WARN__DUPLICATE_METHOD_MATCH = YES;
				"CODE_SIGN_IDENTITY[sdk=iphoneos*]" = "iPhone Developer";
				COPY_PHASE_STRIP = NO;
				DEBUG_INFORMATION_FORMAT = dwarf;
				ENABLE_STRICT_OBJC_MSGSEND = YES;
				ENABLE_TESTABILITY = YES;
				GCC_C_LANGUAGE_STANDARD = gnu99;
				GCC_DYNAMIC_NO_PIC = NO;
				GCC_NO_COMMON_BLOCKS = YES;
				GCC_OPTIMIZATION_LEVEL = 0;
				GCC_PREPROCESSOR_DEFINITIONS = (
					"DEBUG=1",
					"$(inherited)",
				);
				GCC_WARN_64_TO_32_BIT_CONVERSION = YES;
				GCC_WARN_ABOUT_RETURN_TYPE = YES_ERROR;
				GCC_WARN_UNDECLARED_SELECTOR = YES;
				GCC_WARN_UNINITIALIZED_AUTOS = YES_AGGRESSIVE;
				GCC_WARN_UNUSED_FUNCTION = YES;
				GCC_WARN_UNUSED_VARIABLE = YES;
				IPHONEOS_DEPLOYMENT_TARGET = 10.2;
				MTL_ENABLE_DEBUG_INFO = YES;
				ONLY_ACTIVE_ARCH = YES;
				SDKROOT = iphoneos;
				SWIFT_ACTIVE_COMPILATION_CONDITIONS = DEBUG;
				SWIFT_OPTIMIZATION_LEVEL = "-Onone";
				TARGETED_DEVICE_FAMILY = "1,2";
			};
			name = Debug;
		};
		94D76B2D1E47675D00FB4644 /* Release */ = {
			isa = XCBuildConfiguration;
			buildSettings = {
				ALWAYS_SEARCH_USER_PATHS = NO;
				CLANG_ANALYZER_NONNULL = YES;
				CLANG_CXX_LANGUAGE_STANDARD = "gnu++0x";
				CLANG_CXX_LIBRARY = "libc++";
				CLANG_ENABLE_MODULES = YES;
				CLANG_ENABLE_OBJC_ARC = YES;
				CLANG_WARN_BOOL_CONVERSION = YES;
				CLANG_WARN_CONSTANT_CONVERSION = YES;
				CLANG_WARN_DIRECT_OBJC_ISA_USAGE = YES_ERROR;
				CLANG_WARN_DOCUMENTATION_COMMENTS = YES;
				CLANG_WARN_EMPTY_BODY = YES;
				CLANG_WARN_ENUM_CONVERSION = YES;
				CLANG_WARN_INFINITE_RECURSION = YES;
				CLANG_WARN_INT_CONVERSION = YES;
				CLANG_WARN_OBJC_ROOT_CLASS = YES_ERROR;
				CLANG_WARN_SUSPICIOUS_MOVE = YES;
				CLANG_WARN_UNREACHABLE_CODE = YES;
				CLANG_WARN__DUPLICATE_METHOD_MATCH = YES;
				"CODE_SIGN_IDENTITY[sdk=iphoneos*]" = "iPhone Developer";
				COPY_PHASE_STRIP = NO;
				DEBUG_INFORMATION_FORMAT = "dwarf-with-dsym";
				ENABLE_NS_ASSERTIONS = NO;
				ENABLE_STRICT_OBJC_MSGSEND = YES;
				GCC_C_LANGUAGE_STANDARD = gnu99;
				GCC_NO_COMMON_BLOCKS = YES;
				GCC_WARN_64_TO_32_BIT_CONVERSION = YES;
				GCC_WARN_ABOUT_RETURN_TYPE = YES_ERROR;
				GCC_WARN_UNDECLARED_SELECTOR = YES;
				GCC_WARN_UNINITIALIZED_AUTOS = YES_AGGRESSIVE;
				GCC_WARN_UNUSED_FUNCTION = YES;
				GCC_WARN_UNUSED_VARIABLE = YES;
				IPHONEOS_DEPLOYMENT_TARGET = 10.2;
				MTL_ENABLE_DEBUG_INFO = NO;
				SDKROOT = iphoneos;
				SWIFT_OPTIMIZATION_LEVEL = "-Owholemodule";
				TARGETED_DEVICE_FAMILY = "1,2";
				VALIDATE_PRODUCT = YES;
			};
			name = Release;
		};
		94D76B2F1E47675D00FB4644 /* Debug */ = {
			isa = XCBuildConfiguration;
			baseConfigurationReference = 500021BFEA21CC299E25C8BE /* Pods-dev-showcase.debug.xcconfig */;
			buildSettings = {
				ASSETCATALOG_COMPILER_APPICON_NAME = AppIcon;
				FRAMEWORK_SEARCH_PATHS = (
					"$(inherited)",
					"$(PROJECT_DIR)/dev-showcase",
				);
				INFOPLIST_FILE = "dev-showcase/Info.plist";
				LD_RUNPATH_SEARCH_PATHS = "$(inherited) @executable_path/Frameworks";
				PRODUCT_BUNDLE_IDENTIFIER = "com.doe.dev-showcase";
				PRODUCT_NAME = "$(TARGET_NAME)";
				SWIFT_VERSION = 3.0;
			};
			name = Debug;
		};
		94D76B301E47675D00FB4644 /* Release */ = {
			isa = XCBuildConfiguration;
			baseConfigurationReference = 618DC10F796960E704DA7EAA /* Pods-dev-showcase.release.xcconfig */;
			buildSettings = {
				ASSETCATALOG_COMPILER_APPICON_NAME = AppIcon;
				FRAMEWORK_SEARCH_PATHS = (
					"$(inherited)",
					"$(PROJECT_DIR)/dev-showcase",
				);
				INFOPLIST_FILE = "dev-showcase/Info.plist";
				LD_RUNPATH_SEARCH_PATHS = "$(inherited) @executable_path/Frameworks";
				PRODUCT_BUNDLE_IDENTIFIER = "com.doe.dev-showcase";
				PRODUCT_NAME = "$(TARGET_NAME)";
				SWIFT_VERSION = 3.0;
			};
			name = Release;
		};
/* End XCBuildConfiguration section */

/* Begin XCConfigurationList section */
		94D76B171E47675D00FB4644 /* Build configuration list for PBXProject "dev-showcase" */ = {
			isa = XCConfigurationList;
			buildConfigurations = (
				94D76B2C1E47675D00FB4644 /* Debug */,
				94D76B2D1E47675D00FB4644 /* Release */,
			);
			defaultConfigurationIsVisible = 0;
			defaultConfigurationName = Release;
		};
		94D76B2E1E47675D00FB4644 /* Build configuration list for PBXNativeTarget "dev-showcase" */ = {
			isa = XCConfigurationList;
			buildConfigurations = (
				94D76B2F1E47675D00FB4644 /* Debug */,
				94D76B301E47675D00FB4644 /* Release */,
			);
			defaultConfigurationIsVisible = 0;
			defaultConfigurationName = Release;
		};
/* End XCConfigurationList section */
	};
	rootObject = 94D76B141E47675D00FB4644 /* Project object */;
}
