// !$*UTF8*$!
{
	archiveVersion = 1;
	classes = {
	};
	objectVersion = 46;
	objects = {

/* Begin PBXBuildFile section */
		94D76B201E47675D00FB4644 /* AppDelegate.swift in Sources */ = {isa = PBXBuildFile; fileRef = 94D76B1F1E47675D00FB4644 /* AppDelegate.swift */; };
		94D76B221E47675D00FB4644 /* ViewController.swift in Sources */ = {isa = PBXBuildFile; fileRef = 94D76B211E47675D00FB4644 /* ViewController.swift */; };
		94D76B251E47675D00FB4644 /* Main.storyboard in Resources */ = {isa = PBXBuildFile; fileRef = 94D76B231E47675D00FB4644 /* Main.storyboard */; };
		94D76B271E47675D00FB4644 /* Assets.xcassets in Resources */ = {isa = PBXBuildFile; fileRef = 94D76B261E47675D00FB4644 /* Assets.xcassets */; };
		94D76B2A1E47675D00FB4644 /* LaunchScreen.storyboard in Resources */ = {isa = PBXBuildFile; fileRef = 94D76B281E47675D00FB4644 /* LaunchScreen.storyboard */; };
/* End PBXBuildFile section */

/* Begin PBXFileReference section */
		94D76B1C1E47675D00FB4644 /* dev-showcase.app */ = {isa = PBXFileReference; explicitFileType = wrapper.application; includeInIndex = 0; path = "dev-showcase.app"; sourceTree = BUILT_PRODUCTS_DIR; };
		94D76B1F1E47675D00FB4644 /* AppDelegate.swift */ = {isa = PBXFileReference; lastKnownFileType = sourcecode.swift; path = AppDelegate.swift; sourceTree = "<group>"; };
		94D76B211E47675D00FB4644 /* ViewController.swift */ = {isa = PBXFileReference; lastKnownFileType = sourcecode.swift; path = ViewController.swift; sourceTree = "<group>"; };
		94D76B241E47675D00FB4644 /* Base */ = {isa = PBXFileReference; lastKnownFileType = file.storyboard; name = Base; path = Base.lproj/Main.storyboard; sourceTree = "<group>"; };
		94D76B261E47675D00FB4644 /* Assets.xcassets */ = {isa = PBXFileReference; lastKnownFileType = folder.assetcatalog; path = Assets.xcassets; sourceTree = "<group>"; };
		94D76B291E47675D00FB4644 /* Base */ = {isa = PBXFileReference; lastKnownFileType = file.storyboard; name = Base; path = Base.lproj/LaunchScreen.storyboard; sourceTree = "<group>"; };
		94D76B2B1E47675D00FB4644 /* Info.plist */ = {isa = PBXFileReference; lastKnownFileType = text.plist.xml; path = Info.plist; sourceTree = "<group>"; };
/* End PBXFileReference section */

/* Begin PBXFrameworksBuildPhase section */
		94D76B191E47675D00FB4644 /* Frameworks */ = {
			isa = PBXFrameworksBuildPhase;
			buildActionMask = 2147483647;
			files = (
			);
			runOnlyForDeploymentPostprocessing = 0;
		};
/* End PBXFrameworksBuildPhase section */

/* Begin PBXGroup section */
		94D76B131E47675D00FB4644 = {
			isa = PBXGroup;
			children = (
				94D76B1E1E47675D00FB4644 /* dev-showcase */,
				94D76B1D1E47675D00FB4644 /* Products */,
			);
			sourceTree = "<group>";
		};
		94D76B1D1E47675D00FB4644 /* Products */ = {
			isa = PBXGroup;
			children = (
				94D76B1C1E47675D00FB4644 /* dev-showcase.app */,
			);
			name = Products;
			sourceTree = "<group>";
		};
		94D76B1E1E47675D00FB4644 /* dev-showcase */ = {
			isa = PBXGroup;
			children = (
				94D76B1F1E47675D00FB4644 /* AppDelegate.swift */,
				94D76B211E47675D00FB4644 /* ViewController.swift */,
				94D76B231E47675D00FB4644 /* Main.storyboard */,
				94D76B261E47675D00FB4644 /* Assets.xcassets */,
				94D76B281E47675D00FB4644 /* LaunchScreen.storyboard */,
				94D76B2B1E47675D00FB4644 /* Info.plist */,
			);
			path = "dev-showcase";
			sourceTree = "<group>";
		};
/* End PBXGroup section */

/* Begin PBXNativeTarget section */
		94D76B1B1E47675D00FB4644 /* dev-showcase */ = {
			isa = PBXNativeTarget;
			buildConfigurationList = 94D76B2E1E47675D00FB4644 /* Build configuration list for PBXNativeTarget "dev-showcase" */;
			buildPhases = (
				94D76B181E47675D00FB4644 /* Sources */,
				94D76B191E47675D00FB4644 /* Frameworks */,
				94D76B1A1E47675D00FB4644 /* Resources */,
			);
			buildRules = (
			);
			dependencies = (
			);
			name = "dev-showcase";
			productName = "dev-showcase";
			productReference = 94D76B1C1E47675D00FB4644 /* dev-showcase.app */;
			productType = "com.apple.product-type.application";
		};
/* End PBXNativeTarget section */

/* Begin PBXProject section */
		94D76B141E47675D00FB4644 /* Project object */ = {
			isa = PBXProject;
			attributes = {
				LastSwiftUpdateCheck = 0820;
				LastUpgradeCheck = 0820;
				ORGANIZATIONNAME = ryan;
				TargetAttributes = {
					94D76B1B1E47675D00FB4644 = {
						CreatedOnToolsVersion = 8.2.1;
						ProvisioningStyle = Automatic;
					};
				};
			};
			buildConfigurationList = 94D76B171E47675D00FB4644 /* Build configuration list for PBXProject "dev-showcase" */;
			compatibilityVersion = "Xcode 3.2";
			developmentRegion = English;
			hasScannedForEncodings = 0;
			knownRegions = (
				en,
				Base,
			);
			mainGroup = 94D76B131E47675D00FB4644;
			productRefGroup = 94D76B1D1E47675D00FB4644 /* Products */;
			projectDirPath = "";
			projectRoot = "";
			targets = (
				94D76B1B1E47675D00FB4644 /* dev-showcase */,
			);
		};
/* End PBXProject section */

/* Begin PBXResourcesBuildPhase section */
		94D76B1A1E47675D00FB4644 /* Resources */ = {
			isa = PBXResourcesBuildPhase;
			buildActionMask = 2147483647;
			files = (
				94D76B2A1E47675D00FB4644 /* LaunchScreen.storyboard in Resources */,
				94D76B271E47675D00FB4644 /* Assets.xcassets in Resources */,
				94D76B251E47675D00FB4644 /* Main.storyboard in Resources */,
			);
			runOnlyForDeploymentPostprocessing = 0;
		};
/* End PBXResourcesBuildPhase section */

/* Begin PBXSourcesBuildPhase section */
		94D76B181E47675D00FB4644 /* Sources */ = {
			isa = PBXSourcesBuildPhase;
			buildActionMask = 2147483647;
			files = (
				94D76B221E47675D00FB4644 /* ViewController.swift in Sources */,
				94D76B201E47675D00FB4644 /* AppDelegate.swift in Sources */,
			);
			runOnlyForDeploymentPostprocessing = 0;
		};
/* End PBXSourcesBuildPhase section */

/* Begin PBXVariantGroup section */
		94D76B231E47675D00FB4644 /* Main.storyboard */ = {
			isa = PBXVariantGroup;
			children = (
				94D76B241E47675D00FB4644 /* Base */,
			);
			name = Main.storyboard;
			sourceTree = "<group>";
		};
		94D76B281E47675D00FB4644 /* LaunchScreen.storyboard */ = {
			isa = PBXVariantGroup;
			children = (
				94D76B291E47675D00FB4644 /* Base */,
			);
			name = LaunchScreen.storyboard;
			sourceTree = "<group>";
		};
/* End PBXVariantGroup section */

/* Begin XCBuildConfiguration section */
		94D76B2C1E47675D00FB4644 /* Debug */ = {
			isa = XCBuildConfiguration;
			buildSettings = {
				ALWAYS_SEARCH_USER_PATHS = NO;
				CLANG_ANALYZER_NONNULL = YES;
				CLANG_CXX_LANGUAGE_STANDARD = "gnu++0x";
				CLANG_CXX_LIBRARY = "libc++";
				CLANG_ENABLE_MODULES = YES;
				CLANG_ENABLE_OBJC_ARC = YES;
				CLANG_WARN_BOOL_CONVERSION = YES;
				CLANG_WARN_CONSTANT_CONVERSION = YES;
				CLANG_WARN_DIRECT_OBJC_ISA_USAGE = YES_ERROR;
				CLANG_WARN_DOCUMENTATION_COMMENTS = YES;
				CLANG_WARN_EMPTY_BODY = YES;
				CLANG_WARN_ENUM_CONVERSION = YES;
				CLANG_WARN_INFINITE_RECURSION = YES;
				CLANG_WARN_INT_CONVERSION = YES;
				CLANG_WARN_OBJC_ROOT_CLASS = YES_ERROR;
				CLANG_WARN_SUSPICIOUS_MOVE = YES;
				CLANG_WARN_UNREACHABLE_CODE = YES;
				CLANG_WARN__DUPLICATE_METHOD_MATCH = YES;
				"CODE_SIGN_IDENTITY[sdk=iphoneos*]" = "iPhone Developer";
				COPY_PHASE_STRIP = NO;
				DEBUG_INFORMATION_FORMAT = dwarf;
				ENABLE_STRICT_OBJC_MSGSEND = YES;
				ENABLE_TESTABILITY = YES;
				GCC_C_LANGUAGE_STANDARD = gnu99;
				GCC_DYNAMIC_NO_PIC = NO;
				GCC_NO_COMMON_BLOCKS = YES;
				GCC_OPTIMIZATION_LEVEL = 0;
				GCC_PREPROCESSOR_DEFINITIONS = (
					"DEBUG=1",
					"$(inherited)",
				);
				GCC_WARN_64_TO_32_BIT_CONVERSION = YES;
				GCC_WARN_ABOUT_RETURN_TYPE = YES_ERROR;
				GCC_WARN_UNDECLARED_SELECTOR = YES;
				GCC_WARN_UNINITIALIZED_AUTOS = YES_AGGRESSIVE;
				GCC_WARN_UNUSED_FUNCTION = YES;
				GCC_WARN_UNUSED_VARIABLE = YES;
				IPHONEOS_DEPLOYMENT_TARGET = 10.2;
				MTL_ENABLE_DEBUG_INFO = YES;
				ONLY_ACTIVE_ARCH = YES;
				SDKROOT = iphoneos;
				SWIFT_ACTIVE_COMPILATION_CONDITIONS = DEBUG;
				SWIFT_OPTIMIZATION_LEVEL = "-Onone";
				TARGETED_DEVICE_FAMILY = "1,2";
			};
			name = Debug;
		};
		94D76B2D1E47675D00FB4644 /* Release */ = {
			isa = XCBuildConfiguration;
			buildSettings = {
				ALWAYS_SEARCH_USER_PATHS = NO;
				CLANG_ANALYZER_NONNULL = YES;
				CLANG_CXX_LANGUAGE_STANDARD = "gnu++0x";
				CLANG_CXX_LIBRARY = "libc++";
				CLANG_ENABLE_MODULES = YES;
				CLANG_ENABLE_OBJC_ARC = YES;
				CLANG_WARN_BOOL_CONVERSION = YES;
				CLANG_WARN_CONSTANT_CONVERSION = YES;
				CLANG_WARN_DIRECT_OBJC_ISA_USAGE = YES_ERROR;
				CLANG_WARN_DOCUMENTATION_COMMENTS = YES;
				CLANG_WARN_EMPTY_BODY = YES;
				CLANG_WARN_ENUM_CONVERSION = YES;
				CLANG_WARN_INFINITE_RECURSION = YES;
				CLANG_WARN_INT_CONVERSION = YES;
				CLANG_WARN_OBJC_ROOT_CLASS = YES_ERROR;
				CLANG_WARN_SUSPICIOUS_MOVE = YES;
				CLANG_WARN_UNREACHABLE_CODE = YES;
				CLANG_WARN__DUPLICATE_METHOD_MATCH = YES;
				"CODE_SIGN_IDENTITY[sdk=iphoneos*]" = "iPhone Developer";
				COPY_PHASE_STRIP = NO;
				DEBUG_INFORMATION_FORMAT = "dwarf-with-dsym";
				ENABLE_NS_ASSERTIONS = NO;
				ENABLE_STRICT_OBJC_MSGSEND = YES;
				GCC_C_LANGUAGE_STANDARD = gnu99;
				GCC_NO_COMMON_BLOCKS = YES;
				GCC_WARN_64_TO_32_BIT_CONVERSION = YES;
				GCC_WARN_ABOUT_RETURN_TYPE = YES_ERROR;
				GCC_WARN_UNDECLARED_SELECTOR = YES;
				GCC_WARN_UNINITIALIZED_AUTOS = YES_AGGRESSIVE;
				GCC_WARN_UNUSED_FUNCTION = YES;
				GCC_WARN_UNUSED_VARIABLE = YES;
				IPHONEOS_DEPLOYMENT_TARGET = 10.2;
				MTL_ENABLE_DEBUG_INFO = NO;
				SDKROOT = iphoneos;
				SWIFT_OPTIMIZATION_LEVEL = "-Owholemodule";
				TARGETED_DEVICE_FAMILY = "1,2";
				VALIDATE_PRODUCT = YES;
			};
			name = Release;
		};
		94D76B2F1E47675D00FB4644 /* Debug */ = {
			isa = XCBuildConfiguration;
			buildSettings = {
				ASSETCATALOG_COMPILER_APPICON_NAME = AppIcon;
				INFOPLIST_FILE = "dev-showcase/Info.plist";
				LD_RUNPATH_SEARCH_PATHS = "$(inherited) @executable_path/Frameworks";
				PRODUCT_BUNDLE_IDENTIFIER = "com.doe.dev-showcase";
				PRODUCT_NAME = "$(TARGET_NAME)";
				SWIFT_VERSION = 3.0;
			};
			name = Debug;
		};
		94D76B301E47675D00FB4644 /* Release */ = {
			isa = XCBuildConfiguration;
			buildSettings = {
				ASSETCATALOG_COMPILER_APPICON_NAME = AppIcon;
				INFOPLIST_FILE = "dev-showcase/Info.plist";
				LD_RUNPATH_SEARCH_PATHS = "$(inherited) @executable_path/Frameworks";
				PRODUCT_BUNDLE_IDENTIFIER = "com.doe.dev-showcase";
				PRODUCT_NAME = "$(TARGET_NAME)";
				SWIFT_VERSION = 3.0;
			};
			name = Release;
		};
/* End XCBuildConfiguration section */

/* Begin XCConfigurationList section */
		94D76B171E47675D00FB4644 /* Build configuration list for PBXProject "dev-showcase" */ = {
			isa = XCConfigurationList;
			buildConfigurations = (
				94D76B2C1E47675D00FB4644 /* Debug */,
				94D76B2D1E47675D00FB4644 /* Release */,
			);
			defaultConfigurationIsVisible = 0;
			defaultConfigurationName = Release;
		};
		94D76B2E1E47675D00FB4644 /* Build configuration list for PBXNativeTarget "dev-showcase" */ = {
			isa = XCConfigurationList;
			buildConfigurations = (
				94D76B2F1E47675D00FB4644 /* Debug */,
				94D76B301E47675D00FB4644 /* Release */,
			);
			defaultConfigurationIsVisible = 0;
		};
/* End XCConfigurationList section */
	};
	rootObject = 94D76B141E47675D00FB4644 /* Project object */;
}
